{
  "name": "sauna-compore-app",
  "lockfileVersion": 3,
  "requires": true,
  "packages": {
    "": {
      "dependencies": {
        "web-vitals": "^4.2.4"
      },
      "devDependencies": {
        "@types/react": "^19.0.3"
      }
    },
    "node_modules/@types/react": {
      "version": "19.0.3",
      "resolved": "https://registry.npmjs.org/@types/react/-/react-19.0.3.tgz",
      "integrity": "sha512-UavfHguIjnnuq9O67uXfgy/h3SRJbidAYvNjLceB+2RIKVRBzVsh0QO+Pw6BCSQqFS9xwzKfwstXx0m6AbAREA==",
      "dev": true,
      "license": "MIT",
      "dependencies": {
        "csstype": "^3.0.2"
      }
    },
    "node_modules/csstype": {
      "version": "3.1.3",
      "resolved": "https://registry.npmjs.org/csstype/-/csstype-3.1.3.tgz",
      "integrity": "sha512-M1uQkMl8rQK/szD0LNhtqxIPLpimGm8sOBwU7lLnCpSbTyY3yeU1Vc7l4KT5zT4s/yOxHH5O7tIuuLOCnLADRw==",
      "dev": true,
      "license": "MIT"
    },
    "node_modules/web-vitals": {
      "version": "4.2.4",
      "resolved": "https://registry.npmjs.org/web-vitals/-/web-vitals-4.2.4.tgz",
      "integrity": "sha512-r4DIlprAGwJ7YM11VZp4R884m0Vmgr6EAKe3P+kO0PPj3Unqyvv59rczf6UiGcb9Z8QxZVcqKNwv/g0WNdWwsw==",
      "license": "Apache-2.0"
    }
  }
}
